// !$*UTF8*$!
{
	archiveVersion = 1;
	classes = {
	};
	objectVersion = 46;
	objects = {

/* Begin PBXBuildFile section */
		7899238A1B6C58E700931EB9 /* AppDelegate.swift in Sources */ = {isa = PBXBuildFile; fileRef = 789923891B6C58E700931EB9 /* AppDelegate.swift */; };
		7899238C1B6C58E700931EB9 /* ViewController.swift in Sources */ = {isa = PBXBuildFile; fileRef = 7899238B1B6C58E700931EB9 /* ViewController.swift */; };
		7899238F1B6C58E700931EB9 /* Main.storyboard in Resources */ = {isa = PBXBuildFile; fileRef = 7899238D1B6C58E700931EB9 /* Main.storyboard */; };
		789923911B6C58E700931EB9 /* Images.xcassets in Resources */ = {isa = PBXBuildFile; fileRef = 789923901B6C58E700931EB9 /* Images.xcassets */; };
		789923941B6C58E700931EB9 /* LaunchScreen.xib in Resources */ = {isa = PBXBuildFile; fileRef = 789923921B6C58E700931EB9 /* LaunchScreen.xib */; };
		789923A01B6C58E700931EB9 /* Project25Tests.swift in Sources */ = {isa = PBXBuildFile; fileRef = 7899239F1B6C58E700931EB9 /* Project25Tests.swift */; };
/* End PBXBuildFile section */

/* Begin PBXContainerItemProxy section */
		7899239A1B6C58E700931EB9 /* PBXContainerItemProxy */ = {
			isa = PBXContainerItemProxy;
			containerPortal = 7899237C1B6C58E700931EB9 /* Project object */;
			proxyType = 1;
			remoteGlobalIDString = 789923831B6C58E700931EB9;
			remoteInfo = Project25;
		};
/* End PBXContainerItemProxy section */

/* Begin PBXFileReference section */
		789923841B6C58E700931EB9 /* Project25.app */ = {isa = PBXFileReference; explicitFileType = wrapper.application; includeInIndex = 0; path = Project25.app; sourceTree = BUILT_PRODUCTS_DIR; };
		789923881B6C58E700931EB9 /* Info.plist */ = {isa = PBXFileReference; lastKnownFileType = text.plist.xml; path = Info.plist; sourceTree = "<group>"; };
		789923891B6C58E700931EB9 /* AppDelegate.swift */ = {isa = PBXFileReference; lastKnownFileType = sourcecode.swift; path = AppDelegate.swift; sourceTree = "<group>"; };
		7899238B1B6C58E700931EB9 /* ViewController.swift */ = {isa = PBXFileReference; lastKnownFileType = sourcecode.swift; path = ViewController.swift; sourceTree = "<group>"; };
		7899238E1B6C58E700931EB9 /* Base */ = {isa = PBXFileReference; lastKnownFileType = file.storyboard; name = Base; path = Base.lproj/Main.storyboard; sourceTree = "<group>"; };
		789923901B6C58E700931EB9 /* Images.xcassets */ = {isa = PBXFileReference; lastKnownFileType = folder.assetcatalog; path = Images.xcassets; sourceTree = "<group>"; };
		789923931B6C58E700931EB9 /* Base */ = {isa = PBXFileReference; lastKnownFileType = file.xib; name = Base; path = Base.lproj/LaunchScreen.xib; sourceTree = "<group>"; };
		789923991B6C58E700931EB9 /* Project25Tests.xctest */ = {isa = PBXFileReference; explicitFileType = wrapper.cfbundle; includeInIndex = 0; path = Project25Tests.xctest; sourceTree = BUILT_PRODUCTS_DIR; };
		7899239E1B6C58E700931EB9 /* Info.plist */ = {isa = PBXFileReference; lastKnownFileType = text.plist.xml; path = Info.plist; sourceTree = "<group>"; };
		7899239F1B6C58E700931EB9 /* Project25Tests.swift */ = {isa = PBXFileReference; lastKnownFileType = sourcecode.swift; path = Project25Tests.swift; sourceTree = "<group>"; };
/* End PBXFileReference section */

/* Begin PBXFrameworksBuildPhase section */
		789923811B6C58E700931EB9 /* Frameworks */ = {
			isa = PBXFrameworksBuildPhase;
			buildActionMask = 2147483647;
			files = (
			);
			runOnlyForDeploymentPostprocessing = 0;
		};
		789923961B6C58E700931EB9 /* Frameworks */ = {
			isa = PBXFrameworksBuildPhase;
			buildActionMask = 2147483647;
			files = (
			);
			runOnlyForDeploymentPostprocessing = 0;
		};
/* End PBXFrameworksBuildPhase section */

/* Begin PBXGroup section */
		7899237B1B6C58E700931EB9 = {
			isa = PBXGroup;
			children = (
				789923861B6C58E700931EB9 /* Project25 */,
				7899239C1B6C58E700931EB9 /* Project25Tests */,
				789923851B6C58E700931EB9 /* Products */,
			);
			sourceTree = "<group>";
		};
		789923851B6C58E700931EB9 /* Products */ = {
			isa = PBXGroup;
			children = (
				789923841B6C58E700931EB9 /* Project25.app */,
				789923991B6C58E700931EB9 /* Project25Tests.xctest */,
			);
			name = Products;
			sourceTree = "<group>";
		};
		789923861B6C58E700931EB9 /* Project25 */ = {
			isa = PBXGroup;
			children = (
				789923891B6C58E700931EB9 /* AppDelegate.swift */,
				7899238B1B6C58E700931EB9 /* ViewController.swift */,
				7899238D1B6C58E700931EB9 /* Main.storyboard */,
				789923901B6C58E700931EB9 /* Images.xcassets */,
				789923921B6C58E700931EB9 /* LaunchScreen.xib */,
				789923871B6C58E700931EB9 /* Supporting Files */,
			);
			path = Project25;
			sourceTree = "<group>";
		};
		789923871B6C58E700931EB9 /* Supporting Files */ = {
			isa = PBXGroup;
			children = (
				789923881B6C58E700931EB9 /* Info.plist */,
			);
			name = "Supporting Files";
			sourceTree = "<group>";
		};
		7899239C1B6C58E700931EB9 /* Project25Tests */ = {
			isa = PBXGroup;
			children = (
				7899239F1B6C58E700931EB9 /* Project25Tests.swift */,
				7899239D1B6C58E700931EB9 /* Supporting Files */,
			);
			path = Project25Tests;
			sourceTree = "<group>";
		};
		7899239D1B6C58E700931EB9 /* Supporting Files */ = {
			isa = PBXGroup;
			children = (
				7899239E1B6C58E700931EB9 /* Info.plist */,
			);
			name = "Supporting Files";
			sourceTree = "<group>";
		};
/* End PBXGroup section */

/* Begin PBXNativeTarget section */
		789923831B6C58E700931EB9 /* Project25 */ = {
			isa = PBXNativeTarget;
			buildConfigurationList = 789923A31B6C58E700931EB9 /* Build configuration list for PBXNativeTarget "Project25" */;
			buildPhases = (
				789923801B6C58E700931EB9 /* Sources */,
				789923811B6C58E700931EB9 /* Frameworks */,
				789923821B6C58E700931EB9 /* Resources */,
			);
			buildRules = (
			);
			dependencies = (
			);
			name = Project25;
			productName = Project25;
			productReference = 789923841B6C58E700931EB9 /* Project25.app */;
			productType = "com.apple.product-type.application";
		};
		789923981B6C58E700931EB9 /* Project25Tests */ = {
			isa = PBXNativeTarget;
			buildConfigurationList = 789923A61B6C58E700931EB9 /* Build configuration list for PBXNativeTarget "Project25Tests" */;
			buildPhases = (
				789923951B6C58E700931EB9 /* Sources */,
				789923961B6C58E700931EB9 /* Frameworks */,
				789923971B6C58E700931EB9 /* Resources */,
			);
			buildRules = (
			);
			dependencies = (
				7899239B1B6C58E700931EB9 /* PBXTargetDependency */,
			);
			name = Project25Tests;
			productName = Project25Tests;
			productReference = 789923991B6C58E700931EB9 /* Project25Tests.xctest */;
			productType = "com.apple.product-type.bundle.unit-test";
		};
/* End PBXNativeTarget section */

/* Begin PBXProject section */
		7899237C1B6C58E700931EB9 /* Project object */ = {
			isa = PBXProject;
			attributes = {
				LastUpgradeCheck = 0640;
				ORGANIZATIONNAME = "Stephen Wu";
				TargetAttributes = {
					789923831B6C58E700931EB9 = {
						CreatedOnToolsVersion = 6.4;
					};
					789923981B6C58E700931EB9 = {
						CreatedOnToolsVersion = 6.4;
						TestTargetID = 789923831B6C58E700931EB9;
					};
				};
			};
			buildConfigurationList = 7899237F1B6C58E700931EB9 /* Build configuration list for PBXProject "Project25" */;
			compatibilityVersion = "Xcode 3.2";
			developmentRegion = English;
			hasScannedForEncodings = 0;
			knownRegions = (
				en,
				Base,
			);
			mainGroup = 7899237B1B6C58E700931EB9;
			productRefGroup = 789923851B6C58E700931EB9 /* Products */;
			projectDirPath = "";
			projectRoot = "";
			targets = (
				789923831B6C58E700931EB9 /* Project25 */,
				789923981B6C58E700931EB9 /* Project25Tests */,
			);
		};
/* End PBXProject section */

/* Begin PBXResourcesBuildPhase section */
		789923821B6C58E700931EB9 /* Resources */ = {
			isa = PBXResourcesBuildPhase;
			buildActionMask = 2147483647;
			files = (
				7899238F1B6C58E700931EB9 /* Main.storyboard in Resources */,
				789923941B6C58E700931EB9 /* LaunchScreen.xib in Resources */,
				789923911B6C58E700931EB9 /* Images.xcassets in Resources */,
			);
			runOnlyForDeploymentPostprocessing = 0;
		};
		789923971B6C58E700931EB9 /* Resources */ = {
			isa = PBXResourcesBuildPhase;
			buildActionMask = 2147483647;
			files = (
			);
			runOnlyForDeploymentPostprocessing = 0;
		};
/* End PBXResourcesBuildPhase section */

/* Begin PBXSourcesBuildPhase section */
		789923801B6C58E700931EB9 /* Sources */ = {
			isa = PBXSourcesBuildPhase;
			buildActionMask = 2147483647;
			files = (
				7899238C1B6C58E700931EB9 /* ViewController.swift in Sources */,
				7899238A1B6C58E700931EB9 /* AppDelegate.swift in Sources */,
			);
			runOnlyForDeploymentPostprocessing = 0;
		};
		789923951B6C58E700931EB9 /* Sources */ = {
			isa = PBXSourcesBuildPhase;
			buildActionMask = 2147483647;
			files = (
				789923A01B6C58E700931EB9 /* Project25Tests.swift in Sources */,
			);
			runOnlyForDeploymentPostprocessing = 0;
		};
/* End PBXSourcesBuildPhase section */

/* Begin PBXTargetDependency section */
		7899239B1B6C58E700931EB9 /* PBXTargetDependency */ = {
			isa = PBXTargetDependency;
			target = 789923831B6C58E700931EB9 /* Project25 */;
			targetProxy = 7899239A1B6C58E700931EB9 /* PBXContainerItemProxy */;
		};
/* End PBXTargetDependency section */

/* Begin PBXVariantGroup section */
		7899238D1B6C58E700931EB9 /* Main.storyboard */ = {
			isa = PBXVariantGroup;
			children = (
				7899238E1B6C58E700931EB9 /* Base */,
			);
			name = Main.storyboard;
			sourceTree = "<group>";
		};
		789923921B6C58E700931EB9 /* LaunchScreen.xib */ = {
			isa = PBXVariantGroup;
			children = (
				789923931B6C58E700931EB9 /* Base */,
			);
			name = LaunchScreen.xib;
			sourceTree = "<group>";
		};
/* End PBXVariantGroup section */

/* Begin XCBuildConfiguration section */
		789923A11B6C58E700931EB9 /* Debug */ = {
			isa = XCBuildConfiguration;
			buildSettings = {
				ALWAYS_SEARCH_USER_PATHS = NO;
				CLANG_CXX_LANGUAGE_STANDARD = "gnu++0x";
				CLANG_CXX_LIBRARY = "libc++";
				CLANG_ENABLE_MODULES = YES;
				CLANG_ENABLE_OBJC_ARC = YES;
				CLANG_WARN_BOOL_CONVERSION = YES;
				CLANG_WARN_CONSTANT_CONVERSION = YES;
				CLANG_WARN_DIRECT_OBJC_ISA_USAGE = YES_ERROR;
				CLANG_WARN_EMPTY_BODY = YES;
				CLANG_WARN_ENUM_CONVERSION = YES;
				CLANG_WARN_INT_CONVERSION = YES;
				CLANG_WARN_OBJC_ROOT_CLASS = YES_ERROR;
				CLANG_WARN_UNREACHABLE_CODE = YES;
				CLANG_WARN__DUPLICATE_METHOD_MATCH = YES;
				"CODE_SIGN_IDENTITY[sdk=iphoneos*]" = "iPhone Developer";
				COPY_PHASE_STRIP = NO;
				DEBUG_INFORMATION_FORMAT = "dwarf-with-dsym";
				ENABLE_STRICT_OBJC_MSGSEND = YES;
				GCC_C_LANGUAGE_STANDARD = gnu99;
				GCC_DYNAMIC_NO_PIC = NO;
				GCC_NO_COMMON_BLOCKS = YES;
				GCC_OPTIMIZATION_LEVEL = 0;
				GCC_PREPROCESSOR_DEFINITIONS = (
					"DEBUG=1",
					"$(inherited)",
				);
				GCC_SYMBOLS_PRIVATE_EXTERN = NO;
				GCC_WARN_64_TO_32_BIT_CONVERSION = YES;
				GCC_WARN_ABOUT_RETURN_TYPE = YES_ERROR;
				GCC_WARN_UNDECLARED_SELECTOR = YES;
				GCC_WARN_UNINITIALIZED_AUTOS = YES_AGGRESSIVE;
				GCC_WARN_UNUSED_FUNCTION = YES;
				GCC_WARN_UNUSED_VARIABLE = YES;
				IPHONEOS_DEPLOYMENT_TARGET = 8.4;
				MTL_ENABLE_DEBUG_INFO = YES;
				ONLY_ACTIVE_ARCH = YES;
				SDKROOT = iphoneos;
				SWIFT_OPTIMIZATION_LEVEL = "-Onone";
			};
			name = Debug;
		};
		789923A21B6C58E700931EB9 /* Release */ = {
			isa = XCBuildConfiguration;
			buildSettings = {
				ALWAYS_SEARCH_USER_PATHS = NO;
				CLANG_CXX_LANGUAGE_STANDARD = "gnu++0x";
				CLANG_CXX_LIBRARY = "libc++";
				CLANG_ENABLE_MODULES = YES;
				CLANG_ENABLE_OBJC_ARC = YES;
				CLANG_WARN_BOOL_CONVERSION = YES;
				CLANG_WARN_CONSTANT_CONVERSION = YES;
				CLANG_WARN_DIRECT_OBJC_ISA_USAGE = YES_ERROR;
				CLANG_WARN_EMPTY_BODY = YES;
				CLANG_WARN_ENUM_CONVERSION = YES;
				CLANG_WARN_INT_CONVERSION = YES;
				CLANG_WARN_OBJC_ROOT_CLASS = YES_ERROR;
				CLANG_WARN_UNREACHABLE_CODE = YES;
				CLANG_WARN__DUPLICATE_METHOD_MATCH = YES;
				"CODE_SIGN_IDENTITY[sdk=iphoneos*]" = "iPhone Developer";
				COPY_PHASE_STRIP = NO;
				DEBUG_INFORMATION_FORMAT = "dwarf-with-dsym";
				ENABLE_NS_ASSERTIONS = NO;
				ENABLE_STRICT_OBJC_MSGSEND = YES;
				GCC_C_LANGUAGE_STANDARD = gnu99;
				GCC_NO_COMMON_BLOCKS = YES;
				GCC_WARN_64_TO_32_BIT_CONVERSION = YES;
				GCC_WARN_ABOUT_RETURN_TYPE = YES_ERROR;
				GCC_WARN_UNDECLARED_SELECTOR = YES;
				GCC_WARN_UNINITIALIZED_AUTOS = YES_AGGRESSIVE;
				GCC_WARN_UNUSED_FUNCTION = YES;
				GCC_WARN_UNUSED_VARIABLE = YES;
				IPHONEOS_DEPLOYMENT_TARGET = 8.4;
				MTL_ENABLE_DEBUG_INFO = NO;
				SDKROOT = iphoneos;
				VALIDATE_PRODUCT = YES;
			};
			name = Release;
		};
		789923A41B6C58E700931EB9 /* Debug */ = {
			isa = XCBuildConfiguration;
			buildSettings = {
				ASSETCATALOG_COMPILER_APPICON_NAME = AppIcon;
				INFOPLIST_FILE = Project25/Info.plist;
				LD_RUNPATH_SEARCH_PATHS = "$(inherited) @executable_path/Frameworks";
				PRODUCT_NAME = "$(TARGET_NAME)";
			};
			name = Debug;
		};
		789923A51B6C58E700931EB9 /* Release */ = {
			isa = XCBuildConfiguration;
			buildSettings = {
				ASSETCATALOG_COMPILER_APPICON_NAME = AppIcon;
				INFOPLIST_FILE = Project25/Info.plist;
				LD_RUNPATH_SEARCH_PATHS = "$(inherited) @executable_path/Frameworks";
				PRODUCT_NAME = "$(TARGET_NAME)";
			};
			name = Release;
		};
		789923A71B6C58E700931EB9 /* Debug */ = {
			isa = XCBuildConfiguration;
			buildSettings = {
				BUNDLE_LOADER = "$(TEST_HOST)";
				FRAMEWORK_SEARCH_PATHS = (
					"$(SDKROOT)/Developer/Library/Frameworks",
					"$(inherited)",
				);
				GCC_PREPROCESSOR_DEFINITIONS = (
					"DEBUG=1",
					"$(inherited)",
				);
				INFOPLIST_FILE = Project25Tests/Info.plist;
				LD_RUNPATH_SEARCH_PATHS = "$(inherited) @executable_path/Frameworks @loader_path/Frameworks";
				PRODUCT_NAME = "$(TARGET_NAME)";
				TEST_HOST = "$(BUILT_PRODUCTS_DIR)/Project25.app/Project25";
			};
			name = Debug;
		};
		789923A81B6C58E700931EB9 /* Release */ = {
			isa = XCBuildConfiguration;
			buildSettings = {
				BUNDLE_LOADER = "$(TEST_HOST)";
				FRAMEWORK_SEARCH_PATHS = (
					"$(SDKROOT)/Developer/Library/Frameworks",
					"$(inherited)",
				);
				INFOPLIST_FILE = Project25Tests/Info.plist;
				LD_RUNPATH_SEARCH_PATHS = "$(inherited) @executable_path/Frameworks @loader_path/Frameworks";
				PRODUCT_NAME = "$(TARGET_NAME)";
				TEST_HOST = "$(BUILT_PRODUCTS_DIR)/Project25.app/Project25";
			};
			name = Release;
		};
/* End XCBuildConfiguration section */

/* Begin XCConfigurationList section */
		7899237F1B6C58E700931EB9 /* Build configuration list for PBXProject "Project25" */ = {
			isa = XCConfigurationList;
			buildConfigurations = (
				789923A11B6C58E700931EB9 /* Debug */,
				789923A21B6C58E700931EB9 /* Release */,
			);
			defaultConfigurationIsVisible = 0;
			defaultConfigurationName = Release;
		};
		789923A31B6C58E700931EB9 /* Build configuration list for PBXNativeTarget "Project25" */ = {
			isa = XCConfigurationList;
			buildConfigurations = (
				789923A41B6C58E700931EB9 /* Debug */,
				789923A51B6C58E700931EB9 /* Release */,
			);
			defaultConfigurationIsVisible = 0;
		};
		789923A61B6C58E700931EB9 /* Build configuration list for PBXNativeTarget "Project25Tests" */ = {
			isa = XCConfigurationList;
			buildConfigurations = (
				789923A71B6C58E700931EB9 /* Debug */,
				789923A81B6C58E700931EB9 /* Release */,
			);
			defaultConfigurationIsVisible = 0;
		};
/* End XCConfigurationList section */
	};
	rootObject = 7899237C1B6C58E700931EB9 /* Project object */;
}
